<?xml version="1.0" encoding="utf-8"?>
<Project ToolsVersion="4.0" xmlns="http://schemas.microsoft.com/developer/msbuild/2003">
  <ItemGroup>
    <Filter Include="Source Files">
      <UniqueIdentifier>{4FC737F1-C7A5-4376-A066-2A32D752A2FF}</UniqueIdentifier>
      <Extensions>cpp;c;cc;cxx;def;odl;idl;hpj;bat;asm;asmx</Extensions>
    </Filter>
    <Filter Include="Header Files">
      <UniqueIdentifier>{93995380-89BD-4b04-88EB-625FBE52EBFB}</UniqueIdentifier>
      <Extensions>h;hpp;hxx;hm;inl;inc;xsd</Extensions>
    </Filter>
    <Filter Include="Resource Files">
      <UniqueIdentifier>{67DA6AB6-F800-4c08-8B7A-83BB121AAD01}</UniqueIdentifier>
      <Extensions>rc;ico;cur;bmp;dlg;rc2;rct;bin;rgs;gif;jpg;jpeg;jpe;resx;tiff;tif;png;wav;mfcribbon-ms</Extensions>
    </Filter>
  </ItemGroup>
  <ItemGroup>
    <ClInclude Include="..\include\RtTpsAlgorithmProxy\tps_ap_defs.h">
      <Filter>Header Files</Filter>
    </ClInclude>
    <ClInclude Include="..\include\RtTpsAlgorithmProxy\tps_ap_subvolumehelper_api.h">
      <Filter>Header Files</Filter>
    </ClInclude>
    <ClInclude Include="..\include\RtTpsAlgorithmProxy\tps_ap_fusion_algorithmproxy.h">
      <Filter>Header Files</Filter>
    </ClInclude>
    <ClInclude Include="resource.h">
      <Filter>Header Files</Filter>
    </ClInclude>
    <ClInclude Include="..\include\RtTpsAlgorithmProxy\tps_pl_autoshape_func.h">
      <Filter>Header Files</Filter>
    </ClInclude>
    <ClInclude Include="..\include\RtTpsAlgorithmProxy\tps_pl_collimator.h">
      <Filter>Header Files</Filter>
    </ClInclude>
    <ClInclude Include="..\include\RtTpsAlgorithmProxy\tps_pl_datastructure.h">
      <Filter>Header Files</Filter>
    </ClInclude>
    <ClInclude Include="..\include\RtTpsAlgorithmProxy\tps_pl_utility.h">
      <Filter>Header Files</Filter>
    </ClInclude>
    <ClInclude Include="..\include\RtTpsAlgorithmProxy\tps_ap_voi_helper.h">
      <Filter>Header Files</Filter>
    </ClInclude>
    <ClInclude Include="..\include\RtTpsAlgorithmProxy\tps_ap_masktomesh.h">
      <Filter>Header Files</Filter>
    </ClInclude>
    <ClInclude Include="..\include\RtTpsAlgorithmProxy\tps_pl_make_bolus.h">
      <Filter>Header Files</Filter>
    </ClInclude>
    <ClInclude Include="StdAfx.h">
      <Filter>Header Files</Filter>
    </ClInclude>
    <ClInclude Include="..\include\RtTpsAlgorithmProxy\tps_ap_drr_algorithm_proxy.h">
      <Filter>Header Files</Filter>
    </ClInclude>
    <ClInclude Include="..\include\RtTpsAlgorithmProxy\tps_ap_dose_mesh_helper.h">
      <Filter>Header Files</Filter>
    </ClInclude>
    <ClInclude Include="..\include\RtTpsAlgorithmProxy\tps_ap_mlc_jaw_limitation_helper.h">
      <Filter>Header Files</Filter>
    </ClInclude>
    <ClInclude Include="..\include\RtTpsAlgorithmProxy\clipper.hpp">
      <Filter>Header Files</Filter>
    </ClInclude>
    <ClInclude Include="..\include\RtTpsAlgorithmProxy\tps_ap_utility.h">
      <Filter>Header Files</Filter>
    </ClInclude>
    <ClInclude Include="..\include\RtTpsAlgorithmProxy\tps_pl_ct2density_helper.h">
      <Filter>Header Files</Filter>
    </ClInclude>
    <ClInclude Include="..\include\RtTpsAlgorithmProxy\tps_ap_sat.h">
      <Filter>Header Files</Filter>
    </ClInclude>
    <ClInclude Include="..\include\RtTpsAlgorithmProxy\tps_ap_auto_shape_utility.h">
      <Filter>Header Files</Filter>
    </ClInclude>
  </ItemGroup>
  <ItemGroup>
    <ClCompile Include="tps_ap_subvolumehelper_api.cpp">
      <Filter>Source Files</Filter>
    </ClCompile>
    <ClCompile Include="tps_ap_fusionalgorithmproxy.cpp">
      <Filter>Source Files</Filter>
    </ClCompile>
    <ClCompile Include="tps_pl_autoshape_func.cpp">
      <Filter>Source Files</Filter>
    </ClCompile>
    <ClCompile Include="tps_pl_collimator.cpp">
      <Filter>Source Files</Filter>
    </ClCompile>
    <ClCompile Include="tps_pl_utility.cpp">
      <Filter>Source Files</Filter>
    </ClCompile>
    <ClCompile Include="tps_ap_voi_helper.cpp">
      <Filter>Source Files</Filter>
    </ClCompile>
    <ClCompile Include="tps_ap_masktomesh.cpp">
      <Filter>Source Files</Filter>
    </ClCompile>
    <ClCompile Include="tps_pl_make_bolus.cpp">
      <Filter>Source Files</Filter>
    </ClCompile>
    <ClCompile Include="StdAfx.cpp">
      <Filter>Source Files</Filter>
    </ClCompile>
    <ClCompile Include="tps_ap_drr_algorithm_proxy.cpp">
      <Filter>Source Files</Filter>
    </ClCompile>
    <ClCompile Include="tps_ap_dose_mesh_helper.cpp">
      <Filter>Source Files</Filter>
    </ClCompile>
    <ClCompile Include="tps_ap_mlc_jaw_limitation_helper.cpp">
      <Filter>Source Files</Filter>
    </ClCompile>
    <ClCompile Include="tps_ap_auto_segmentation_helper.cpp">
      <Filter>Source Files</Filter>
    </ClCompile>
    <ClCompile Include="clipper.cpp">
      <Filter>Source Files</Filter>
    </ClCompile>
    <ClCompile Include="tps_ap_utility.cpp">
      <Filter>Source Files</Filter>
    </ClCompile>
    <ClCompile Include="tps_pl_ct2density_helper.cpp">
      <Filter>Source Files</Filter>
    </ClCompile>
    <ClCompile Include="tps_ap_sat.cpp">
      <Filter>Source Files</Filter>
    </ClCompile>
    <ClCompile Include="tps_ap_auto_shape_utility.cpp">
      <Filter>Source Files</Filter>
    </ClCompile>
  </ItemGroup>
  <ItemGroup>
    <ResourceCompile Include="RtTpsAlgorithmProxy.rc">
      <Filter>Resource Files</Filter>
    </ResourceCompile>
  </ItemGroup>
</Project>