<?xml version="1.0" encoding="utf-8"?>
<Project ToolsVersion="4.0" xmlns="http://schemas.microsoft.com/developer/msbuild/2003">
  <ItemGroup>
    <Filter Include="Source Files">
      <UniqueIdentifier>{4FC737F1-C7A5-4376-A066-2A32D752A2FF}</UniqueIdentifier>
      <Extensions>cpp;c;cc;cxx;def;odl;idl;hpj;bat;asm;asmx</Extensions>
    </Filter>
    <Filter Include="Header Files">
      <UniqueIdentifier>{93995380-89BD-4b04-88EB-625FBE52EBFB}</UniqueIdentifier>
      <Extensions>h;hpp;hxx;hm;inl;inc;xsd</Extensions>
    </Filter>
  </ItemGroup>
  <ItemGroup>
    <ClInclude Include="..\include\RtTpsCertifiedLib\rt_tps_cert_cornertext_bev.h">
      <Filter>Header Files</Filter>
    </ClInclude>
    <ClInclude Include="..\include\RtTpsCertifiedLib\rt_tps_cert_cornertext_mpr.h">
      <Filter>Header Files</Filter>
    </ClInclude>
    <ClInclude Include="..\include\RtTpsCertifiedLib\rt_tps_certified_imagereferenceinfo.h">
      <Filter>Header Files</Filter>
    </ClInclude>
    <ClInclude Include="..\include\RtTpsCertifiedLib\rt_tps_certified_poi.h">
      <Filter>Header Files</Filter>
    </ClInclude>
    <ClInclude Include="..\include\RtTpsCertifiedLib\rt_tps_certified_poidose.h">
      <Filter>Header Files</Filter>
    </ClInclude>
    <ClInclude Include="..\include\RtTpsCertifiedLib\rt_tps_certified_registation_feedback.h">
      <Filter>Header Files</Filter>
    </ClInclude>
    <ClInclude Include="..\include\RtTpsCertifiedLib\rt_tps_certified_segment.h">
      <Filter>Header Files</Filter>
    </ClInclude>
    <ClInclude Include="..\include\RtTpsCertifiedLib\rt_tps_certifiedautovois.h">
      <Filter>Header Files</Filter>
    </ClInclude>
    <ClInclude Include="..\include\RtTpsCertifiedLib\rt_tps_certifiedbeam.h">
      <Filter>Header Files</Filter>
    </ClInclude>
    <ClInclude Include="..\include\RtTpsCertifiedLib\rt_tps_certifiedcontourslices.h">
      <Filter>Header Files</Filter>
    </ClInclude>
    <ClInclude Include="..\include\RtTpsCertifiedLib\rt_tps_certifiedconvolution.h">
      <Filter>Header Files</Filter>
    </ClInclude>
    <ClInclude Include="..\include\RtTpsCertifiedLib\rt_tps_certifieddelete.h">
      <Filter>Header Files</Filter>
    </ClInclude>
    <ClInclude Include="..\include\RtTpsCertifiedLib\rt_tps_certifieddoseline.h">
      <Filter>Header Files</Filter>
    </ClInclude>
    <ClInclude Include="..\include\RtTpsCertifiedLib\rt_tps_certifiedelectroncontamination.h">
      <Filter>Header Files</Filter>
    </ClInclude>
    <ClInclude Include="..\include\RtTpsCertifiedLib\rt_tps_certifiedenergyweight.h">
      <Filter>Header Files</Filter>
    </ClInclude>
    <ClInclude Include="..\include\RtTpsCertifiedLib\rt_tps_certifiedgridboundary.h">
      <Filter>Header Files</Filter>
    </ClInclude>
    <ClInclude Include="..\include\RtTpsCertifiedLib\rt_tps_certifiedgridsize.h">
      <Filter>Header Files</Filter>
    </ClInclude>
    <ClInclude Include="..\include\RtTpsCertifiedLib\rt_tps_certifiedimportfromfile.h">
      <Filter>Header Files</Filter>
    </ClInclude>
    <ClInclude Include="..\include\RtTpsCertifiedLib\rt_tps_certifiedimportgsttfromfile.h">
      <Filter>Header Files</Filter>
    </ClInclude>
    <ClInclude Include="..\include\RtTpsCertifiedLib\rt_tps_certifiedlandmarkpoint.h">
      <Filter>Header Files</Filter>
    </ClInclude>
    <ClInclude Include="..\include\RtTpsCertifiedLib\rt_tps_certifiedmachinesetting.h">
      <Filter>Header Files</Filter>
    </ClInclude>
    <ClInclude Include="..\include\RtTpsCertifiedLib\rt_tps_certifiedmesh.h">
      <Filter>Header Files</Filter>
    </ClInclude>
    <ClInclude Include="..\include\RtTpsCertifiedLib\rt_tps_certifiedmlceditinfo.h">
      <Filter>Header Files</Filter>
    </ClInclude>
    <ClInclude Include="..\include\RtTpsCertifiedLib\rt_tps_certifiedmontecarlo.h">
      <Filter>Header Files</Filter>
    </ClInclude>
    <ClInclude Include="..\include\RtTpsCertifiedLib\rt_tps_certifiedmouseinfo.h">
      <Filter>Header Files</Filter>
    </ClInclude>
    <ClInclude Include="..\include\RtTpsCertifiedLib\rt_tps_certifiedmovevoi.h">
      <Filter>Header Files</Filter>
    </ClInclude>
    <ClInclude Include="..\include\RtTpsCertifiedLib\rt_tps_certifiedoptoutput.h">
      <Filter>Header Files</Filter>
    </ClInclude>
    <ClInclude Include="..\include\RtTpsCertifiedLib\rt_tps_certifiedpencilbeam.h">
      <Filter>Header Files</Filter>
    </ClInclude>
    <ClInclude Include="..\include\RtTpsCertifiedLib\rt_tps_certifiedplan.h">
      <Filter>Header Files</Filter>
    </ClInclude>
    <ClInclude Include="..\include\RtTpsCertifiedLib\rt_tps_certifiedpoint3d.h">
      <Filter>Header Files</Filter>
    </ClInclude>
    <ClInclude Include="..\include\RtTpsCertifiedLib\rt_tps_certifiedscpinformation.h">
      <Filter>Header Files</Filter>
    </ClInclude>
    <ClInclude Include="..\include\RtTpsCertifiedLib\rt_tps_certifiedselectcontourslices.h">
      <Filter>Header Files</Filter>
    </ClInclude>
    <ClInclude Include="..\include\RtTpsCertifiedLib\rt_tps_certifiedsmartcontour.h">
      <Filter>Header Files</Filter>
    </ClInclude>
    <ClInclude Include="..\include\RtTpsCertifiedLib\rt_tps_certifiedunit.h">
      <Filter>Header Files</Filter>
    </ClInclude>
    <ClInclude Include="..\include\RtTpsCertifiedLib\rt_tps_certifiedvector3d.h">
      <Filter>Header Files</Filter>
    </ClInclude>
    <ClInclude Include="..\include\RtTpsCertifiedLib\rt_tps_certifiedvoi.h">
      <Filter>Header Files</Filter>
    </ClInclude>
    <ClInclude Include="..\include\RtTpsCertifiedLib\rt_tps_certifiedwedgefactor.h">
      <Filter>Header Files</Filter>
    </ClInclude>
    <ClInclude Include="..\include\RtTpsCertifiedLib\rt_tps_certifiedwedgefield.h">
      <Filter>Header Files</Filter>
    </ClInclude>
    <ClInclude Include="..\include\RtTpsCertifiedLib\rt_tps_doseoptimizationparam.h">
      <Filter>Header Files</Filter>
    </ClInclude>
    <ClInclude Include="..\include\RtTpsCertifiedLib\rt_tps_cert_cornertext_mpr_gallery.h">
      <Filter>Header Files</Filter>
    </ClInclude>
    <ClInclude Include="..\include\RtTpsCertifiedLib\rt_tps_certifiedblock.h">
      <Filter>Header Files</Filter>
    </ClInclude>
    <ClInclude Include="..\include\RtTpsCertifiedLib\rt_tps_certified_landmarks_points.h">
      <Filter>Header Files</Filter>
    </ClInclude>
  </ItemGroup>
  <ItemGroup>
    <ClCompile Include="rt_tps_cert_cornertext_bev.cpp">
      <Filter>Source Files</Filter>
    </ClCompile>
    <ClCompile Include="rt_tps_cert_cornertext_mpr.cpp">
      <Filter>Source Files</Filter>
    </ClCompile>
    <ClCompile Include="rt_tps_certified_imagereferenceinfo.cpp">
      <Filter>Source Files</Filter>
    </ClCompile>
    <ClCompile Include="rt_tps_certified_poi.cpp">
      <Filter>Source Files</Filter>
    </ClCompile>
    <ClCompile Include="rt_tps_certified_registation_feedback.cpp">
      <Filter>Source Files</Filter>
    </ClCompile>
    <ClCompile Include="rt_tps_certified_segment.cpp">
      <Filter>Source Files</Filter>
    </ClCompile>
    <ClCompile Include="rt_tps_certifiedautovois.cpp">
      <Filter>Source Files</Filter>
    </ClCompile>
    <ClCompile Include="rt_tps_certifiedbeam.cpp">
      <Filter>Source Files</Filter>
    </ClCompile>
    <ClCompile Include="rt_tps_certifiedcontourslices.cpp">
      <Filter>Source Files</Filter>
    </ClCompile>
    <ClCompile Include="rt_tps_certifieddelete.cpp">
      <Filter>Source Files</Filter>
    </ClCompile>
    <ClCompile Include="rt_tps_certifieddoseline.cpp">
      <Filter>Source Files</Filter>
    </ClCompile>
    <ClCompile Include="rt_tps_certifiedgridboundary.cpp">
      <Filter>Source Files</Filter>
    </ClCompile>
    <ClCompile Include="rt_tps_certifiedgridsize.cpp">
      <Filter>Source Files</Filter>
    </ClCompile>
    <ClCompile Include="rt_tps_certifiedlandmarkpoint.cpp">
      <Filter>Source Files</Filter>
    </ClCompile>
    <ClCompile Include="rt_tps_certifiedmesh.cpp">
      <Filter>Source Files</Filter>
    </ClCompile>
    <ClCompile Include="rt_tps_certifiedmlceditinfo.cpp">
      <Filter>Source Files</Filter>
    </ClCompile>
    <ClCompile Include="rt_tps_certifiedmouseinfo.cpp">
      <Filter>Source Files</Filter>
    </ClCompile>
    <ClCompile Include="rt_tps_certifiedmovevoi.cpp">
      <Filter>Source Files</Filter>
    </ClCompile>
    <ClCompile Include="rt_tps_certifiedoptoutput.cpp">
      <Filter>Source Files</Filter>
    </ClCompile>
    <ClCompile Include="rt_tps_certifiedplan.cpp">
      <Filter>Source Files</Filter>
    </ClCompile>
    <ClCompile Include="rt_tps_certifiedpoint3d.cpp">
      <Filter>Source Files</Filter>
    </ClCompile>
    <ClCompile Include="rt_tps_certifiedselectcontourslices.cpp">
      <Filter>Source Files</Filter>
    </ClCompile>
    <ClCompile Include="rt_tps_certifiedsmartcontour.cpp">
      <Filter>Source Files</Filter>
    </ClCompile>
    <ClCompile Include="rt_tps_certifiedunit.cpp">
      <Filter>Source Files</Filter>
    </ClCompile>
    <ClCompile Include="rt_tps_certifiedvector3d.cpp">
      <Filter>Source Files</Filter>
    </ClCompile>
    <ClCompile Include="rt_tps_certifiedvoi.cpp">
      <Filter>Source Files</Filter>
    </ClCompile>
    <ClCompile Include="rt_tps_doseoptimizationparam.cpp">
      <Filter>Source Files</Filter>
    </ClCompile>
    <ClCompile Include="rt_tps_cert_cornertext_mpr_gallery.cpp">
      <Filter>Source Files</Filter>
    </ClCompile>
    <ClCompile Include="rt_tps_certifiedblock.cpp">
      <Filter>Source Files</Filter>
    </ClCompile>
    <ClCompile Include="rt_tps_certified_landmarks_points.cpp">
      <Filter>Source Files</Filter>
    </ClCompile>
  </ItemGroup>
</Project>