<?xml version="1.0" encoding="utf-8"?>
<Project ToolsVersion="4.0" xmlns="http://schemas.microsoft.com/developer/msbuild/2003">
  <ItemGroup>
    <Filter Include="Source Files">
      <UniqueIdentifier>{4FC737F1-C7A5-4376-A066-2A32D752A2FF}</UniqueIdentifier>
      <Extensions>cpp;c;cc;cxx;def;odl;idl;hpj;bat;asm;asmx</Extensions>
    </Filter>
    <Filter Include="Header Files">
      <UniqueIdentifier>{93995380-89BD-4b04-88EB-625FBE52EBFB}</UniqueIdentifier>
      <Extensions>h;hpp;hxx;hm;inl;inc;xsd</Extensions>
    </Filter>
    <Filter Include="Resource Files">
      <UniqueIdentifier>{67DA6AB6-F800-4c08-8B7A-83BB121AAD01}</UniqueIdentifier>
      <Extensions>rc;ico;cur;bmp;dlg;rc2;rct;bin;rgs;gif;jpg;jpeg;jpe;resx;tiff;tif;png;wav;mfcribbon-ms</Extensions>
    </Filter>
    <Filter Include="Header Files\Include">
      <UniqueIdentifier>{acb6a60e-86d3-42e3-848f-ba3c7b5289bf}</UniqueIdentifier>
    </Filter>
  </ItemGroup>
  <ItemGroup>
    <ClInclude Include="..\..\Include\Framework\tps_command.h">
      <Filter>Header Files</Filter>
    </ClInclude>
    <ClInclude Include="..\..\Include\Framework\tps_containee_base.h">
      <Filter>Header Files</Filter>
    </ClInclude>
    <ClInclude Include="..\..\Include\Framework\tps_controller_base.h">
      <Filter>Header Files</Filter>
    </ClInclude>
    <ClInclude Include="..\..\Include\Framework\tps_event.h">
      <Filter>Header Files</Filter>
    </ClInclude>
    <ClInclude Include="..\..\Include\Framework\tps_log.h">
      <Filter>Header Files</Filter>
    </ClInclude>
    <ClInclude Include="..\..\Include\Framework\tps_object.h">
      <Filter>Header Files</Filter>
    </ClInclude>
    <ClInclude Include="..\..\Include\Framework\tps_thread.h">
      <Filter>Header Files</Filter>
    </ClInclude>
    <ClInclude Include="..\..\Include\tps_common.h">
      <Filter>Header Files\Include</Filter>
    </ClInclude>
    <ClInclude Include="..\..\Include\Framework\tps_plugin_base.h">
      <Filter>Header Files</Filter>
    </ClInclude>
    <ClInclude Include="..\..\Include\Framework\tps_render_controller_base.h">
      <Filter>Header Files</Filter>
    </ClInclude>
    <ClInclude Include="..\..\Include\Framework\tps_singleton.h">
      <Filter>Header Files</Filter>
    </ClInclude>
    <ClInclude Include="..\..\Include\Framework\tps_utilities_imageutilities.h">
      <Filter>Header Files</Filter>
    </ClInclude>
    <ClInclude Include="..\..\Include\tps_defs.h">
      <Filter>Header Files\Include</Filter>
    </ClInclude>
    <ClInclude Include="..\..\Include\Framework\tps_splitstr.h">
      <Filter>Header Files</Filter>
    </ClInclude>
    <ClInclude Include="..\..\Include\Framework\tps_plugin_wrapper.h">
      <Filter>Header Files</Filter>
    </ClInclude>
    <ClInclude Include="..\..\Include\Framework\tps_tree.h">
      <Filter>Header Files</Filter>
    </ClInclude>
    <ClInclude Include="..\..\Include\Framework\tps_comm_proxy.h">
      <Filter>Header Files</Filter>
    </ClInclude>
    <ClInclude Include="..\..\Include\Framework\tps_proxy_base.h">
      <Filter>Header Files</Filter>
    </ClInclude>
  </ItemGroup>
  <ItemGroup>
    <ClCompile Include="tps_command.cpp">
      <Filter>Source Files</Filter>
    </ClCompile>
    <ClCompile Include="tps_containee_base.cpp">
      <Filter>Source Files</Filter>
    </ClCompile>
    <ClCompile Include="tps_controller_base.cpp">
      <Filter>Source Files</Filter>
    </ClCompile>
    <ClCompile Include="tps_event.cpp">
      <Filter>Source Files</Filter>
    </ClCompile>
    <ClCompile Include="tps_log.cpp">
      <Filter>Source Files</Filter>
    </ClCompile>
    <ClCompile Include="tps_object.cpp">
      <Filter>Source Files</Filter>
    </ClCompile>
    <ClCompile Include="tps_thread.cpp">
      <Filter>Source Files</Filter>
    </ClCompile>
    <ClCompile Include="tps_plugin_base.cpp">
      <Filter>Source Files</Filter>
    </ClCompile>
    <ClCompile Include="tps_render_controller_base.cpp">
      <Filter>Source Files</Filter>
    </ClCompile>
    <ClCompile Include="tps_utilities_imageutilities.cpp">
      <Filter>Source Files</Filter>
    </ClCompile>
    <ClCompile Include="tps_splitstr.cpp">
      <Filter>Source Files</Filter>
    </ClCompile>
    <ClCompile Include="tps_plugin_wrapper.cpp">
      <Filter>Source Files</Filter>
    </ClCompile>
    <ClCompile Include="tps_tree.cpp">
      <Filter>Source Files</Filter>
    </ClCompile>
    <ClCompile Include="tps_comm_proxy.cpp">
      <Filter>Source Files</Filter>
    </ClCompile>
    <ClCompile Include="tps_proxy_base.cpp">
      <Filter>Source Files</Filter>
    </ClCompile>
  </ItemGroup>
</Project>