<?xml version="1.0" encoding="utf-8"?>
<Project ToolsVersion="4.0" xmlns="http://schemas.microsoft.com/developer/msbuild/2003">
  <ItemGroup>
    <Filter Include="Source Files">
      <UniqueIdentifier>{4FC737F1-C7A5-4376-A066-2A32D752A2FF}</UniqueIdentifier>
      <Extensions>cpp;c;cc;cxx;def;odl;idl;hpj;bat;asm;asmx</Extensions>
    </Filter>
    <Filter Include="Header Files">
      <UniqueIdentifier>{93995380-89BD-4b04-88EB-625FBE52EBFB}</UniqueIdentifier>
      <Extensions>h;hpp;hxx;hm;inl;inc;xsd</Extensions>
    </Filter>
    <Filter Include="Resource Files">
      <UniqueIdentifier>{67DA6AB6-F800-4c08-8B7A-83BB121AAD01}</UniqueIdentifier>
      <Extensions>rc;ico;cur;bmp;dlg;rc2;rct;bin;rgs;gif;jpg;jpeg;jpe;resx;tiff;tif;png;wav;mfcribbon-ms</Extensions>
    </Filter>
    <Filter Include="Header Files\Command">
      <UniqueIdentifier>{066dcb19-719b-4aad-85a5-73b84ade07fa}</UniqueIdentifier>
    </Filter>
    <Filter Include="Source Files\Command">
      <UniqueIdentifier>{80965867-573e-4aa1-a969-9f2dbd0cffb1}</UniqueIdentifier>
    </Filter>
    <Filter Include="Header Files\DataModel">
      <UniqueIdentifier>{e0a252d0-a009-4416-8363-5af2e26b77dd}</UniqueIdentifier>
    </Filter>
    <Filter Include="Source Files\DataModel">
      <UniqueIdentifier>{3104239d-5a94-4284-91f5-09ffd9e44932}</UniqueIdentifier>
    </Filter>
  </ItemGroup>
  <ItemGroup>
    <ClInclude Include="..\include\RtTpsGalleryControllerApp\tps_gca_defs.h">
      <Filter>Header Files</Filter>
    </ClInclude>
    <ClInclude Include="stdafx.h">
      <Filter>Header Files</Filter>
    </ClInclude>
    <ClInclude Include="..\include\RtTpsGalleryControllerApp\tps_gca_igallery_controller.h">
      <Filter>Header Files</Filter>
    </ClInclude>
    <ClInclude Include="tps_gca_gallery_controllerapp.h">
      <Filter>Header Files</Filter>
    </ClInclude>
    <ClInclude Include="resource.h">
      <Filter>Header Files</Filter>
    </ClInclude>
    <ClInclude Include="tps_gca_mprzoompanwindowingcmd.h">
      <Filter>Header Files\Command</Filter>
    </ClInclude>
    <ClInclude Include="tps_gca_mproperator.h">
      <Filter>Header Files</Filter>
    </ClInclude>
    <ClInclude Include="..\include\RtTpsGalleryControllerApp\tps_gca_improperator.h">
      <Filter>Header Files</Filter>
    </ClInclude>
    <ClInclude Include="tps_gca_mprpageturncmd.h">
      <Filter>Header Files\Command</Filter>
    </ClInclude>
    <ClInclude Include="tps_gca_mprhittest_cmd.h">
      <Filter>Header Files\Command</Filter>
    </ClInclude>
    <ClInclude Include="..\include\RtTpsGalleryControllerApp\tps_gca_idataloader.h">
      <Filter>Header Files</Filter>
    </ClInclude>
    <ClInclude Include="tps_gca_dataloaderimpl.h">
      <Filter>Header Files</Filter>
    </ClInclude>
    <ClInclude Include="..\include\RtTpsGalleryControllerApp\tps_gca_idataaccessor.h">
      <Filter>Header Files</Filter>
    </ClInclude>
    <ClInclude Include="tps_gca_dataaccessorimpl.h">
      <Filter>Header Files</Filter>
    </ClInclude>
    <ClInclude Include="tps_gca_mprrotatecmd.h">
      <Filter>Header Files\Command</Filter>
    </ClInclude>
    <ClInclude Include="tps_gca_measureanglecmd.h">
      <Filter>Header Files\Command</Filter>
    </ClInclude>
    <ClInclude Include="tps_gca_datamodel_editcourse.h">
      <Filter>Header Files\DataModel</Filter>
    </ClInclude>
    <ClInclude Include="tps_gca_datamodel_deleteseries.h">
      <Filter>Header Files\DataModel</Filter>
    </ClInclude>
    <ClInclude Include="tps_gca_mprupdatecornertextinfo_cmd.h">
      <Filter>Header Files\Command</Filter>
    </ClInclude>
    <ClInclude Include="tps_gca_mprcornertextinfo_visible_cmd.h">
      <Filter>Header Files\Command</Filter>
    </ClInclude>
    <ClInclude Include="tps_gca_datamodel_expandseries.h">
      <Filter>Header Files\DataModel</Filter>
    </ClInclude>
    <ClInclude Include="tps_gca_datamodel_series.h">
      <Filter>Header Files\DataModel</Filter>
    </ClInclude>
    <ClInclude Include="tps_gca_datamodel_deleteslices.h">
      <Filter>Header Files\DataModel</Filter>
    </ClInclude>
    <ClInclude Include="tps_gca_measuredistancecmd.h">
      <Filter>Header Files\Command</Filter>
    </ClInclude>
  </ItemGroup>
  <ItemGroup>
    <ClCompile Include="stdafx.cpp">
      <Filter>Source Files</Filter>
    </ClCompile>
    <ClCompile Include="tps_gca_gallery_controllerapp.cpp">
      <Filter>Source Files</Filter>
    </ClCompile>
    <ClCompile Include="tps_gca_mprzoompanwindowingcmd.cpp">
      <Filter>Source Files\Command</Filter>
    </ClCompile>
    <ClCompile Include="tps_gca_mproperator.cpp">
      <Filter>Source Files</Filter>
    </ClCompile>
    <ClCompile Include="tps_gca_mprpageturncmd.cpp">
      <Filter>Source Files\Command</Filter>
    </ClCompile>
    <ClCompile Include="tps_gca_mprhittest_cmd.cpp">
      <Filter>Source Files\Command</Filter>
    </ClCompile>
    <ClCompile Include="tps_gca_dataloaderimpl.cpp">
      <Filter>Source Files</Filter>
    </ClCompile>
    <ClCompile Include="tps_gca_dataaccesorimpl.cpp">
      <Filter>Source Files</Filter>
    </ClCompile>
    <ClCompile Include="tps_gca_mprrotatecmd.cpp">
      <Filter>Source Files\Command</Filter>
    </ClCompile>
    <ClCompile Include="tps_gca_measureanglecmd.cpp">
      <Filter>Source Files\Command</Filter>
    </ClCompile>
    <ClCompile Include="tps_gca_datamodel_editcourse.cpp">
      <Filter>Source Files\DataModel</Filter>
    </ClCompile>
    <ClCompile Include="tps_gca_mprupdatecornertextinfo_cmd.cpp">
      <Filter>Source Files\Command</Filter>
    </ClCompile>
    <ClCompile Include="tps_gca_mprcornertextinfo_visible_cmd.cpp">
      <Filter>Source Files\Command</Filter>
    </ClCompile>
    <ClCompile Include="tps_gca_datamodel_expandseries.cpp">
      <Filter>Source Files\DataModel</Filter>
    </ClCompile>
    <ClCompile Include="tps_gca_datamodel_series.cpp">
      <Filter>Source Files\DataModel</Filter>
    </ClCompile>
    <ClCompile Include="tps_gca_datamodel_deleteslices.cpp">
      <Filter>Source Files\DataModel</Filter>
    </ClCompile>
    <ClCompile Include="tps_gca_measuredistancecmd.cpp">
      <Filter>Source Files\Command</Filter>
    </ClCompile>
  </ItemGroup>
  <ItemGroup>
    <ResourceCompile Include="RtTpsGalleryControllerApp.rc">
      <Filter>Resource Files</Filter>
    </ResourceCompile>
  </ItemGroup>
</Project>