<?xml version="1.0" encoding="utf-8"?>
<Project ToolsVersion="4.0" xmlns="http://schemas.microsoft.com/developer/msbuild/2003">
  <ItemGroup>
    <Filter Include="Header Files">
      <UniqueIdentifier>{9d283765-4220-4cb5-b662-cfde3a433d05}</UniqueIdentifier>
    </Filter>
    <Filter Include="Source Files">
      <UniqueIdentifier>{b945e353-185b-4fe3-912d-a35d14fb46b0}</UniqueIdentifier>
    </Filter>
    <Filter Include="Resource Files">
      <UniqueIdentifier>{fd729151-9db7-4296-af91-1d74faa45ffb}</UniqueIdentifier>
    </Filter>
    <Filter Include="Header Files\manager">
      <UniqueIdentifier>{6ccd4f58-75d7-4049-95b9-28da1acee3ec}</UniqueIdentifier>
    </Filter>
    <Filter Include="Source Files\manager">
      <UniqueIdentifier>{8233c05f-d8b8-406e-80bd-822a344ea6a8}</UniqueIdentifier>
    </Filter>
  </ItemGroup>
  <ItemGroup>
    <ClInclude Include="..\include\RtTpsDataAccess\tps_da_defs.h">
      <Filter>Header Files</Filter>
    </ClInclude>
    <ClInclude Include="..\include\RtTpsDataAccess\tps_da_beammanager.h">
      <Filter>Header Files\manager</Filter>
    </ClInclude>
    <ClInclude Include="..\include\RtTpsDataAccess\tps_da_configuremanager.h">
      <Filter>Header Files\manager</Filter>
    </ClInclude>
    <ClInclude Include="..\include\RtTpsDataAccess\tps_da_voimanager.h">
      <Filter>Header Files\manager</Filter>
    </ClInclude>
    <ClInclude Include="..\include\RtTpsDataAccess\tps_da_imagedatamanager.h">
      <Filter>Header Files\manager</Filter>
    </ClInclude>
    <ClInclude Include="..\include\RtTpsDataAccess\tps_da_patientmanager.h">
      <Filter>Header Files\manager</Filter>
    </ClInclude>
    <ClInclude Include="..\include\RtTpsDataAccess\tps_da_machinemanager.h">
      <Filter>Header Files\manager</Filter>
    </ClInclude>
    <ClInclude Include="..\include\RtTpsDataAccess\tps_da_poimanager.h">
      <Filter>Header Files\manager</Filter>
    </ClInclude>
    <ClInclude Include="..\include\RtTpsDataAccess\tps_da_dvhmanager.h">
      <Filter>Header Files\manager</Filter>
    </ClInclude>
    <ClInclude Include="stdafx.h">
      <Filter>Header Files</Filter>
    </ClInclude>
    <ClInclude Include="..\include\RtTpsDataAccess\tps_da_fusionsecondarydatamanager.h">
      <Filter>Header Files\manager</Filter>
    </ClInclude>
    <ClInclude Include="..\include\RtTpsDataAccess\tps_da_dosemanager.h">
      <Filter>Header Files\manager</Filter>
    </ClInclude>
    <ClInclude Include="..\include\RtTpsDataAccess\tps_da_normgroupmanager.h">
      <Filter>Header Files\manager</Filter>
    </ClInclude>
    <ClInclude Include="resource.h">
      <Filter>Header Files</Filter>
    </ClInclude>
    <ClInclude Include="..\include\RtTpsDataAccess\tps_da_entity_converter.h">
      <Filter>Header Files\manager</Filter>
    </ClInclude>
    <ClInclude Include="..\include\RtTpsDataAccess\tps_da_hot_cold_spots_manager.h">
      <Filter>Header Files\manager</Filter>
    </ClInclude>
    <ClInclude Include="..\include\RtTpsDataAccess\tps_da_displaystatemanager.h">
      <Filter>Header Files\manager</Filter>
    </ClInclude>
    <ClInclude Include="..\include\RtTpsDataAccess\tps_da_optgoalmanager.h">
      <Filter>Header Files\manager</Filter>
    </ClInclude>
    <ClInclude Include="..\include\RtTpsDataAccess\tps_da_datamanagerbase.h">
      <Filter>Header Files\manager</Filter>
    </ClInclude>
    <ClInclude Include="..\include\RtTpsDataAccess\tps_da_datarepositoryfactory.h">
      <Filter>Header Files\manager</Filter>
    </ClInclude>
    <ClInclude Include="..\include\RtTpsDataAccess\tps_da_idatarepository.h">
      <Filter>Header Files\manager</Filter>
    </ClInclude>
    <ClInclude Include="tps_da_datarepository.h">
      <Filter>Header Files\manager</Filter>
    </ClInclude>
    <ClInclude Include="..\include\RtTpsDataAccess\tps_da_gallery_imagemanager.h">
      <Filter>Header Files\manager</Filter>
    </ClInclude>
    <ClInclude Include="..\include\RtTpsDataAccess\tps_da_gallery_patientmanager.h">
      <Filter>Header Files\manager</Filter>
    </ClInclude>
    <ClInclude Include="..\include\RtTpsDataAccess\tps_da_watercarriageparsefile.h">
      <Filter>Header Files</Filter>
    </ClInclude>
    <ClInclude Include="..\include\RtTpsDataAccess\tps_da_arithmeticdefines.h">
      <Filter>Header Files</Filter>
    </ClInclude>
    <ClInclude Include="..\include\RtTpsDataAccess\tps_da_tablemanager.h">
      <Filter>Header Files\manager</Filter>
    </ClInclude>
    <ClInclude Include="..\include\RtTpsDataAccess\tps_da_tcpntcpmanager.h">
      <Filter>Header Files\manager</Filter>
    </ClInclude>
    <ClInclude Include="..\include\RtTpsDataAccess\tps_da_machineconfigmanager.h">
      <Filter>Header Files\manager</Filter>
    </ClInclude>
    <ClInclude Include="..\include\RtTpsDataAccess\tps_da_machinetables.h">
      <Filter>Header Files\manager</Filter>
    </ClInclude>
    <ClInclude Include="..\include\RtTpsDataAccess\tps_da_machinetablebase.hpp">
      <Filter>Header Files\manager</Filter>
    </ClInclude>
  </ItemGroup>
  <ItemGroup>
    <ClCompile Include="tps_da_beammanager.cpp">
      <Filter>Source Files\manager</Filter>
    </ClCompile>
    <ClCompile Include="tps_da_configuremanager.cpp">
      <Filter>Source Files\manager</Filter>
    </ClCompile>
    <ClCompile Include="tps_da_voimanager.cpp">
      <Filter>Source Files\manager</Filter>
    </ClCompile>
    <ClCompile Include="tps_da_imagedatamanager.cpp">
      <Filter>Source Files\manager</Filter>
    </ClCompile>
    <ClCompile Include="tps_da_patientmanager.cpp">
      <Filter>Source Files\manager</Filter>
    </ClCompile>
    <ClCompile Include="tps_da_machinemanager.cpp">
      <Filter>Source Files\manager</Filter>
    </ClCompile>
    <ClCompile Include="tps_da_poimanager.cpp">
      <Filter>Source Files\manager</Filter>
    </ClCompile>
    <ClCompile Include="tps_da_dosemanager.cpp">
      <Filter>Source Files\manager</Filter>
    </ClCompile>
    <ClCompile Include="stdafx.cpp">
      <Filter>Source Files</Filter>
    </ClCompile>
    <ClCompile Include="tps_da_dvhmanager.cpp">
      <Filter>Source Files\manager</Filter>
    </ClCompile>
    <ClCompile Include="tps_da_fusionsecondarydatamanager.cpp">
      <Filter>Source Files\manager</Filter>
    </ClCompile>
    <ClCompile Include="tps_da_normgroupmanager.cpp">
      <Filter>Source Files\manager</Filter>
    </ClCompile>
    <ClCompile Include="tps_da_entity_converter.cpp">
      <Filter>Source Files\manager</Filter>
    </ClCompile>
    <ClCompile Include="tps_da_hot_cold_spots_manager.cpp">
      <Filter>Source Files\manager</Filter>
    </ClCompile>
    <ClCompile Include="tps_da_displaystatemanager.cpp">
      <Filter>Source Files\manager</Filter>
    </ClCompile>
    <ClCompile Include="tps_da_optgoalmanager.cpp">
      <Filter>Source Files\manager</Filter>
    </ClCompile>
    <ClCompile Include="tps_da_datarepository.cpp">
      <Filter>Source Files\manager</Filter>
    </ClCompile>
    <ClCompile Include="tps_da_datamanagerbase.cpp">
      <Filter>Source Files\manager</Filter>
    </ClCompile>
    <ClCompile Include="tps_da_datarepositoryfactory.cpp">
      <Filter>Source Files\manager</Filter>
    </ClCompile>
    <ClCompile Include="tps_da_gallery_imagemanager.cpp">
      <Filter>Source Files\manager</Filter>
    </ClCompile>
    <ClCompile Include="tps_da_gallery_patientmanager.cpp">
      <Filter>Source Files\manager</Filter>
    </ClCompile>
    <ClCompile Include="tps_da_imagedatamanager_group4d.cpp">
      <Filter>Source Files\manager</Filter>
    </ClCompile>
    <ClCompile Include="tps_da_machineconfigmanager.cpp">
      <Filter>Source Files\manager</Filter>
    </ClCompile>
    <ClCompile Include="tps_da_watercarriageparsefile.cpp">
      <Filter>Source Files</Filter>
    </ClCompile>
    <ClCompile Include="tps_da_tablemanager.cpp">
      <Filter>Source Files\manager</Filter>
    </ClCompile>
    <ClCompile Include="tps_da_tcpntcpmanager.cpp">
      <Filter>Source Files\manager</Filter>
    </ClCompile>
    <ClCompile Include="tps_da_gallery_imagemanager_group4d.cpp">
      <Filter>Source Files\manager</Filter>
    </ClCompile>
    <ClCompile Include="tps_da_machinetables.cpp">
      <Filter>Source Files\manager</Filter>
    </ClCompile>
  </ItemGroup>
  <ItemGroup>
    <ResourceCompile Include="RtTpsDataAccess.rc">
      <Filter>Resource Files</Filter>
    </ResourceCompile>
  </ItemGroup>
</Project>